
Microsoft Visual Studio Solution File, Format Version 12.00
# Visual Studio 2012
Project("{FAE04EC0-301F-11D3-BF4B-00C04F79EFBC}") = "DataDrivenFramework", "DataDrivenFramework\DataDrivenFramework.csproj", "{27E5AE08-0E0C-4203-B0E8-31D72C22EC6B}"
EndProject
Global
	GlobalSection(SolutionConfigurationPlatforms) = preSolution
		Debug|Any CPU = Debug|Any CPU
		Release|Any CPU = Release|Any CPU
	EndGlobalSection
	GlobalSection(ProjectConfigurationPlatforms) = postSolution
		{27E5AE08-0E0C-4203-B0E8-31D72C22EC6B}.Debug|Any CPU.ActiveCfg = Debug|Any CPU
		{27E5AE08-0E0C-4203-B0E8-31D72C22EC6B}.Debug|Any CPU.Build.0 = Debug|Any CPU
		{27E5AE08-0E0C-4203-B0E8-31D72C22EC6B}.Release|Any CPU.ActiveCfg = Release|Any CPU
		{27E5AE08-0E0C-4203-B0E8-31D72C22EC6B}.Release|Any CPU.Build.0 = Release|Any CPU
	EndGlobalSection
	GlobalSection(SolutionProperties) = preSolution
		HideSolutionNode = FALSE
	EndGlobalSection
EndGlobal
